
Microsoft Visual Studio Solution File, Format Version 12.00
# Visual Studio Version 16
VisualStudioVersion = 16.0.29519.87
MinimumVisualStudioVersion = 10.0.40219.1
Project("{9A19103F-16F7-4668-BE54-9A1E7A4F7556}") = "CourseTodo.Api", "src\CourseTodo.Api\CourseTodo.Api.csproj", "{401DFAF9-6750-4646-82DF-4CF5623B4FC8}"
EndProject
Global
	GlobalSection(SolutionConfigurationPlatforms) = preSolution
		Debug|Any CPU = Debug|Any CPU
		Release|Any CPU = Release|Any CPU
	EndGlobalSection
	GlobalSection(ProjectConfigurationPlatforms) = postSolution
		{401DFAF9-6750-4646-82DF-4CF5623B4FC8}.Debug|Any CPU.ActiveCfg = Debug|Any CPU
		{401DFAF9-6750-4646-82DF-4CF5623B4FC8}.Debug|Any CPU.Build.0 = Debug|Any CPU
		{401DFAF9-6750-4646-82DF-4CF5623B4FC8}.Release|Any CPU.ActiveCfg = Release|Any CPU
		{401DFAF9-6750-4646-82DF-4CF5623B4FC8}.Release|Any CPU.Build.0 = Release|Any CPU
	EndGlobalSection
	GlobalSection(SolutionProperties) = preSolution
		HideSolutionNode = FALSE
	EndGlobalSection
	GlobalSection(ExtensibilityGlobals) = postSolution
		SolutionGuid = {5614BCCB-36FC-46F7-A710-E68D38F97AAA}
	EndGlobalSection
EndGlobal
